
Microsoft Visual Studio Solution File, Format Version 12.00
# Visual Studio Version 17
VisualStudioVersion = 17.13.35818.85
MinimumVisualStudioVersion = 10.0.40219.1
Project("{FAE04EC0-301F-11D3-BF4B-00C04F79EFBC}") = "GestBibliothequeV2", "GestBibliothequeV2\GestBibliothequeV2.csproj", "{39DD2D9B-6E38-4516-A824-F4B091F71C58}"
EndProject
Project("{2150E333-8FDC-42A3-9474-1A3956D46DE8}") = "GestionDesLivres", "GestionDesLivres", "{02EA681E-C7D8-13C7-8484-4AC65E1B71E8}"
EndProject
Project("{FAE04EC0-301F-11D3-BF4B-00C04F79EFBC}") = "GestionDesLivres.API", "GestionDesLivres.API\GestionDesLivres.API.csproj", "{0F5A69CD-99B5-4322-B5EC-BAAF3188CA3C}"
EndProject
Project("{FAE04EC0-301F-11D3-BF4B-00C04F79EFBC}") = "GestionDesLivres.Application", "GestionDesLivres.Application\GestionDesLivres.Application.csproj", "{BF7E210C-AFC1-4610-9C1D-2E6437D8CBBE}"
EndProject
Project("{FAE04EC0-301F-11D3-BF4B-00C04F79EFBC}") = "GestionDesLivres.Domain", "GestionDesLivres.Domain\GestionDesLivres.Domain.csproj", "{8D11B278-54F0-42E2-A3E1-EF8CB49D8024}"
EndProject
Project("{FAE04EC0-301F-11D3-BF4B-00C04F79EFBC}") = "GestionDesLivres.Infrastructure", "GestionDesLivres.Infrastructure\GestionDesLivres.Infrastructure.csproj", "{8AFAC5BB-C484-4ED7-948E-882D32FCD201}"
EndProject
Project("{FAE04EC0-301F-11D3-BF4B-00C04F79EFBC}") = "CommonLib", "CommonLib\CommonLib.csproj", "{513A3373-8614-4C94-8855-DAAFFD1AC823}"
EndProject
Project("{FAE04EC0-301F-11D3-BF4B-00C04F79EFBC}") = "APIGateway", "APIGateway\APIGateway.csproj", "{1C99F9BF-0F5C-42EC-AA32-FBD11D2BBC93}"
EndProject
Project("{FAE04EC0-301F-11D3-BF4B-00C04F79EFBC}") = "GestionDesLivres.Tests", "GestionDesLivres.Tests\GestionDesLivres.Tests.csproj", "{6F8BD5DE-5629-4E0F-B0EC-7E59BBF8E072}"
EndProject
Project("{2150E333-8FDC-42A3-9474-1A3956D46DE8}") = "Transactions", "Transactions", "{7FF1D122-F5B8-4164-B7AD-1A4806EB3A7D}"
EndProject
Project("{2150E333-8FDC-42A3-9474-1A3956D46DE8}") = "GestionDesUsagers", "GestionDesUsagers", "{1899189E-A7B9-41A2-9C7A-52302B838561}"
EndProject
Project("{FAE04EC0-301F-11D3-BF4B-00C04F79EFBC}") = "GestionDesUsagers.API", "GestionDesUsagers.API\GestionDesUsagers.API.csproj", "{95A9101C-08C9-427C-A4D5-FCB9DFF03CC1}"
EndProject
Project("{FAE04EC0-301F-11D3-BF4B-00C04F79EFBC}") = "GestionDesUsagers.Application", "GestionDesUsagers.Application\GestionDesUsagers.Application.csproj", "{3F46051A-9022-428B-8578-8A16BA0F4B04}"
EndProject
Project("{FAE04EC0-301F-11D3-BF4B-00C04F79EFBC}") = "GestionDesUsagers.Domain", "GestionDesUsagers.Domain\GestionDesUsagers.Domain.csproj", "{CF0D31CF-E198-423F-81B6-67C6AE79D151}"
EndProject
Project("{FAE04EC0-301F-11D3-BF4B-00C04F79EFBC}") = "GestionDesUsagers.Infrastructure", "GestionDesUsagers.Infrastructure\GestionDesUsagers.Infrastructure.csproj", "{02EF5D29-4AAF-4ACB-AD4E-B04C395590A6}"
EndProject
Project("{FAE04EC0-301F-11D3-BF4B-00C04F79EFBC}") = "Transactions.API", "Transactions.API\Transactions.API.csproj", "{3052CCC7-B3FF-4632-90A1-09E4F943618C}"
EndProject
Project("{FAE04EC0-301F-11D3-BF4B-00C04F79EFBC}") = "Transactions.Application", "Transactions.Application\Transactions.Application.csproj", "{14CDD49D-1BB3-4D37-90D8-4FB54B9895B5}"
EndProject
Project("{FAE04EC0-301F-11D3-BF4B-00C04F79EFBC}") = "Transactions.Domain", "Transactions.Domain\Transactions.Domain.csproj", "{4AFAEFC9-6221-4A74-8B6C-8AC1324CECA3}"
EndProject
Project("{FAE04EC0-301F-11D3-BF4B-00C04F79EFBC}") = "Transactions.Infrastructure", "Transactions.Infrastructure\Transactions.Infrastructure.csproj", "{DE810631-7845-4D3F-8212-30763640BBF5}"
EndProject
Global
	GlobalSection(SolutionConfigurationPlatforms) = preSolution
		Debug|Any CPU = Debug|Any CPU
		Release|Any CPU = Release|Any CPU
	EndGlobalSection
	GlobalSection(ProjectConfigurationPlatforms) = postSolution
		{39DD2D9B-6E38-4516-A824-F4B091F71C58}.Debug|Any CPU.ActiveCfg = Debug|Any CPU
		{39DD2D9B-6E38-4516-A824-F4B091F71C58}.Debug|Any CPU.Build.0 = Debug|Any CPU
		{39DD2D9B-6E38-4516-A824-F4B091F71C58}.Release|Any CPU.ActiveCfg = Release|Any CPU
		{39DD2D9B-6E38-4516-A824-F4B091F71C58}.Release|Any CPU.Build.0 = Release|Any CPU
		{0F5A69CD-99B5-4322-B5EC-BAAF3188CA3C}.Debug|Any CPU.ActiveCfg = Debug|Any CPU
		{0F5A69CD-99B5-4322-B5EC-BAAF3188CA3C}.Debug|Any CPU.Build.0 = Debug|Any CPU
		{0F5A69CD-99B5-4322-B5EC-BAAF3188CA3C}.Release|Any CPU.ActiveCfg = Release|Any CPU
		{0F5A69CD-99B5-4322-B5EC-BAAF3188CA3C}.Release|Any CPU.Build.0 = Release|Any CPU
		{BF7E210C-AFC1-4610-9C1D-2E6437D8CBBE}.Debug|Any CPU.ActiveCfg = Debug|Any CPU
		{BF7E210C-AFC1-4610-9C1D-2E6437D8CBBE}.Debug|Any CPU.Build.0 = Debug|Any CPU
		{BF7E210C-AFC1-4610-9C1D-2E6437D8CBBE}.Release|Any CPU.ActiveCfg = Release|Any CPU
		{BF7E210C-AFC1-4610-9C1D-2E6437D8CBBE}.Release|Any CPU.Build.0 = Release|Any CPU
		{8D11B278-54F0-42E2-A3E1-EF8CB49D8024}.Debug|Any CPU.ActiveCfg = Debug|Any CPU
		{8D11B278-54F0-42E2-A3E1-EF8CB49D8024}.Debug|Any CPU.Build.0 = Debug|Any CPU
		{8D11B278-54F0-42E2-A3E1-EF8CB49D8024}.Release|Any CPU.ActiveCfg = Release|Any CPU
		{8D11B278-54F0-42E2-A3E1-EF8CB49D8024}.Release|Any CPU.Build.0 = Release|Any CPU
		{8AFAC5BB-C484-4ED7-948E-882D32FCD201}.Debug|Any CPU.ActiveCfg = Debug|Any CPU
		{8AFAC5BB-C484-4ED7-948E-882D32FCD201}.Debug|Any CPU.Build.0 = Debug|Any CPU
		{8AFAC5BB-C484-4ED7-948E-882D32FCD201}.Release|Any CPU.ActiveCfg = Release|Any CPU
		{8AFAC5BB-C484-4ED7-948E-882D32FCD201}.Release|Any CPU.Build.0 = Release|Any CPU
		{513A3373-8614-4C94-8855-DAAFFD1AC823}.Debug|Any CPU.ActiveCfg = Debug|Any CPU
		{513A3373-8614-4C94-8855-DAAFFD1AC823}.Debug|Any CPU.Build.0 = Debug|Any CPU
		{513A3373-8614-4C94-8855-DAAFFD1AC823}.Release|Any CPU.ActiveCfg = Release|Any CPU
		{513A3373-8614-4C94-8855-DAAFFD1AC823}.Release|Any CPU.Build.0 = Release|Any CPU
		{1C99F9BF-0F5C-42EC-AA32-FBD11D2BBC93}.Debug|Any CPU.ActiveCfg = Debug|Any CPU
		{1C99F9BF-0F5C-42EC-AA32-FBD11D2BBC93}.Debug|Any CPU.Build.0 = Debug|Any CPU
		{1C99F9BF-0F5C-42EC-AA32-FBD11D2BBC93}.Release|Any CPU.ActiveCfg = Release|Any CPU
		{1C99F9BF-0F5C-42EC-AA32-FBD11D2BBC93}.Release|Any CPU.Build.0 = Release|Any CPU
		{6F8BD5DE-5629-4E0F-B0EC-7E59BBF8E072}.Debug|Any CPU.ActiveCfg = Debug|Any CPU
		{6F8BD5DE-5629-4E0F-B0EC-7E59BBF8E072}.Debug|Any CPU.Build.0 = Debug|Any CPU
		{6F8BD5DE-5629-4E0F-B0EC-7E59BBF8E072}.Release|Any CPU.ActiveCfg = Release|Any CPU
		{6F8BD5DE-5629-4E0F-B0EC-7E59BBF8E072}.Release|Any CPU.Build.0 = Release|Any CPU
		{95A9101C-08C9-427C-A4D5-FCB9DFF03CC1}.Debug|Any CPU.ActiveCfg = Debug|Any CPU
		{95A9101C-08C9-427C-A4D5-FCB9DFF03CC1}.Debug|Any CPU.Build.0 = Debug|Any CPU
		{95A9101C-08C9-427C-A4D5-FCB9DFF03CC1}.Release|Any CPU.ActiveCfg = Release|Any CPU
		{95A9101C-08C9-427C-A4D5-FCB9DFF03CC1}.Release|Any CPU.Build.0 = Release|Any CPU
		{3F46051A-9022-428B-8578-8A16BA0F4B04}.Debug|Any CPU.ActiveCfg = Debug|Any CPU
		{3F46051A-9022-428B-8578-8A16BA0F4B04}.Debug|Any CPU.Build.0 = Debug|Any CPU
		{3F46051A-9022-428B-8578-8A16BA0F4B04}.Release|Any CPU.ActiveCfg = Release|Any CPU
		{3F46051A-9022-428B-8578-8A16BA0F4B04}.Release|Any CPU.Build.0 = Release|Any CPU
		{CF0D31CF-E198-423F-81B6-67C6AE79D151}.Debug|Any CPU.ActiveCfg = Debug|Any CPU
		{CF0D31CF-E198-423F-81B6-67C6AE79D151}.Debug|Any CPU.Build.0 = Debug|Any CPU
		{CF0D31CF-E198-423F-81B6-67C6AE79D151}.Release|Any CPU.ActiveCfg = Release|Any CPU
		{CF0D31CF-E198-423F-81B6-67C6AE79D151}.Release|Any CPU.Build.0 = Release|Any CPU
		{02EF5D29-4AAF-4ACB-AD4E-B04C395590A6}.Debug|Any CPU.ActiveCfg = Debug|Any CPU
		{02EF5D29-4AAF-4ACB-AD4E-B04C395590A6}.Debug|Any CPU.Build.0 = Debug|Any CPU
		{02EF5D29-4AAF-4ACB-AD4E-B04C395590A6}.Release|Any CPU.ActiveCfg = Release|Any CPU
		{02EF5D29-4AAF-4ACB-AD4E-B04C395590A6}.Release|Any CPU.Build.0 = Release|Any CPU
		{3052CCC7-B3FF-4632-90A1-09E4F943618C}.Debug|Any CPU.ActiveCfg = Debug|Any CPU
		{3052CCC7-B3FF-4632-90A1-09E4F943618C}.Debug|Any CPU.Build.0 = Debug|Any CPU
		{3052CCC7-B3FF-4632-90A1-09E4F943618C}.Release|Any CPU.ActiveCfg = Release|Any CPU
		{3052CCC7-B3FF-4632-90A1-09E4F943618C}.Release|Any CPU.Build.0 = Release|Any CPU
		{14CDD49D-1BB3-4D37-90D8-4FB54B9895B5}.Debug|Any CPU.ActiveCfg = Debug|Any CPU
		{14CDD49D-1BB3-4D37-90D8-4FB54B9895B5}.Debug|Any CPU.Build.0 = Debug|Any CPU
		{14CDD49D-1BB3-4D37-90D8-4FB54B9895B5}.Release|Any CPU.ActiveCfg = Release|Any CPU
		{14CDD49D-1BB3-4D37-90D8-4FB54B9895B5}.Release|Any CPU.Build.0 = Release|Any CPU
		{4AFAEFC9-6221-4A74-8B6C-8AC1324CECA3}.Debug|Any CPU.ActiveCfg = Debug|Any CPU
		{4AFAEFC9-6221-4A74-8B6C-8AC1324CECA3}.Debug|Any CPU.Build.0 = Debug|Any CPU
		{4AFAEFC9-6221-4A74-8B6C-8AC1324CECA3}.Release|Any CPU.ActiveCfg = Release|Any CPU
		{4AFAEFC9-6221-4A74-8B6C-8AC1324CECA3}.Release|Any CPU.Build.0 = Release|Any CPU
		{DE810631-7845-4D3F-8212-30763640BBF5}.Debug|Any CPU.ActiveCfg = Debug|Any CPU
		{DE810631-7845-4D3F-8212-30763640BBF5}.Debug|Any CPU.Build.0 = Debug|Any CPU
		{DE810631-7845-4D3F-8212-30763640BBF5}.Release|Any CPU.ActiveCfg = Release|Any CPU
		{DE810631-7845-4D3F-8212-30763640BBF5}.Release|Any CPU.Build.0 = Release|Any CPU
	EndGlobalSection
	GlobalSection(SolutionProperties) = preSolution
		HideSolutionNode = FALSE
	EndGlobalSection
	GlobalSection(NestedProjects) = preSolution
		{0F5A69CD-99B5-4322-B5EC-BAAF3188CA3C} = {02EA681E-C7D8-13C7-8484-4AC65E1B71E8}
		{BF7E210C-AFC1-4610-9C1D-2E6437D8CBBE} = {02EA681E-C7D8-13C7-8484-4AC65E1B71E8}
		{8D11B278-54F0-42E2-A3E1-EF8CB49D8024} = {02EA681E-C7D8-13C7-8484-4AC65E1B71E8}
		{8AFAC5BB-C484-4ED7-948E-882D32FCD201} = {02EA681E-C7D8-13C7-8484-4AC65E1B71E8}
		{6F8BD5DE-5629-4E0F-B0EC-7E59BBF8E072} = {02EA681E-C7D8-13C7-8484-4AC65E1B71E8}
		{95A9101C-08C9-427C-A4D5-FCB9DFF03CC1} = {1899189E-A7B9-41A2-9C7A-52302B838561}
		{3F46051A-9022-428B-8578-8A16BA0F4B04} = {1899189E-A7B9-41A2-9C7A-52302B838561}
		{CF0D31CF-E198-423F-81B6-67C6AE79D151} = {1899189E-A7B9-41A2-9C7A-52302B838561}
		{02EF5D29-4AAF-4ACB-AD4E-B04C395590A6} = {1899189E-A7B9-41A2-9C7A-52302B838561}
		{3052CCC7-B3FF-4632-90A1-09E4F943618C} = {7FF1D122-F5B8-4164-B7AD-1A4806EB3A7D}
		{14CDD49D-1BB3-4D37-90D8-4FB54B9895B5} = {7FF1D122-F5B8-4164-B7AD-1A4806EB3A7D}
		{4AFAEFC9-6221-4A74-8B6C-8AC1324CECA3} = {7FF1D122-F5B8-4164-B7AD-1A4806EB3A7D}
		{DE810631-7845-4D3F-8212-30763640BBF5} = {7FF1D122-F5B8-4164-B7AD-1A4806EB3A7D}
	EndGlobalSection
	GlobalSection(ExtensibilityGlobals) = postSolution
		SolutionGuid = {7E1AEC83-D23E-4B5A-9099-65BFBF55E4FF}
	EndGlobalSection
EndGlobal
